// !$*UTF8*$!
{
	archiveVersion = 1;
	classes = {
	};
	objectVersion = 56;
	objects = {

/* Begin PBXBuildFile section */
		2213B68428E376A3001D3F71 /* ListViewController.swift in Sources */ = {isa = PBXBuildFile; fileRef = 2213B68328E376A3001D3F71 /* ListViewController.swift */; };
		2287542328E20E88009CF030 /* AppDelegate.swift in Sources */ = {isa = PBXBuildFile; fileRef = 2287542228E20E88009CF030 /* AppDelegate.swift */; };
		2287542528E20E88009CF030 /* SceneDelegate.swift in Sources */ = {isa = PBXBuildFile; fileRef = 2287542428E20E88009CF030 /* SceneDelegate.swift */; };
		2287542728E20E88009CF030 /* MapsViewController.swift in Sources */ = {isa = PBXBuildFile; fileRef = 2287542628E20E88009CF030 /* MapsViewController.swift */; };
		2287542A28E20E88009CF030 /* Main.storyboard in Resources */ = {isa = PBXBuildFile; fileRef = 2287542828E20E88009CF030 /* Main.storyboard */; };
		2287542D28E20E88009CF030 /* MapApp__coredata_.xcdatamodeld in Sources */ = {isa = PBXBuildFile; fileRef = 2287542B28E20E88009CF030 /* MapApp__coredata_.xcdatamodeld */; };
		2287542F28E20E8B009CF030 /* Assets.xcassets in Resources */ = {isa = PBXBuildFile; fileRef = 2287542E28E20E8B009CF030 /* Assets.xcassets */; };
		2287543228E20E8B009CF030 /* LaunchScreen.storyboard in Resources */ = {isa = PBXBuildFile; fileRef = 2287543028E20E8B009CF030 /* LaunchScreen.storyboard */; };
/* End PBXBuildFile section */

/* Begin PBXFileReference section */
		2213B68328E376A3001D3F71 /* ListViewController.swift */ = {isa = PBXFileReference; lastKnownFileType = sourcecode.swift; path = ListViewController.swift; sourceTree = "<group>"; };
		2287541F28E20E88009CF030 /* MapApp (coredata).app */ = {isa = PBXFileReference; explicitFileType = wrapper.application; includeInIndex = 0; path = "MapApp (coredata).app"; sourceTree = BUILT_PRODUCTS_DIR; };
		2287542228E20E88009CF030 /* AppDelegate.swift */ = {isa = PBXFileReference; lastKnownFileType = sourcecode.swift; path = AppDelegate.swift; sourceTree = "<group>"; };
		2287542428E20E88009CF030 /* SceneDelegate.swift */ = {isa = PBXFileReference; lastKnownFileType = sourcecode.swift; path = SceneDelegate.swift; sourceTree = "<group>"; };
		2287542628E20E88009CF030 /* MapsViewController.swift */ = {isa = PBXFileReference; lastKnownFileType = sourcecode.swift; path = MapsViewController.swift; sourceTree = "<group>"; };
		2287542928E20E88009CF030 /* Base */ = {isa = PBXFileReference; lastKnownFileType = file.storyboard; name = Base; path = Base.lproj/Main.storyboard; sourceTree = "<group>"; };
		2287542C28E20E88009CF030 /* MapApp__coredata_.xcdatamodel */ = {isa = PBXFileReference; lastKnownFileType = wrapper.xcdatamodel; path = MapApp__coredata_.xcdatamodel; sourceTree = "<group>"; };
		2287542E28E20E8B009CF030 /* Assets.xcassets */ = {isa = PBXFileReference; lastKnownFileType = folder.assetcatalog; path = Assets.xcassets; sourceTree = "<group>"; };
		2287543128E20E8B009CF030 /* Base */ = {isa = PBXFileReference; lastKnownFileType = file.storyboard; name = Base; path = Base.lproj/LaunchScreen.storyboard; sourceTree = "<group>"; };
		2287543328E20E8B009CF030 /* Info.plist */ = {isa = PBXFileReference; lastKnownFileType = text.plist.xml; path = Info.plist; sourceTree = "<group>"; };
/* End PBXFileReference section */

/* Begin PBXFrameworksBuildPhase section */
		2287541C28E20E88009CF030 /* Frameworks */ = {
			isa = PBXFrameworksBuildPhase;
			buildActionMask = 2147483647;
			files = (
			);
			runOnlyForDeploymentPostprocessing = 0;
		};
/* End PBXFrameworksBuildPhase section */

/* Begin PBXGroup section */
		2287541628E20E88009CF030 = {
			isa = PBXGroup;
			children = (
				2287542128E20E88009CF030 /* MapApp (coredata) */,
				2287542028E20E88009CF030 /* Products */,
			);
			sourceTree = "<group>";
		};
		2287542028E20E88009CF030 /* Products */ = {
			isa = PBXGroup;
			children = (
				2287541F28E20E88009CF030 /* MapApp (coredata).app */,
			);
			name = Products;
			sourceTree = "<group>";
		};
		2287542128E20E88009CF030 /* MapApp (coredata) */ = {
			isa = PBXGroup;
			children = (
				2287542228E20E88009CF030 /* AppDelegate.swift */,
				2287542428E20E88009CF030 /* SceneDelegate.swift */,
				2287542628E20E88009CF030 /* MapsViewController.swift */,
				2213B68328E376A3001D3F71 /* ListViewController.swift */,
				2287542828E20E88009CF030 /* Main.storyboard */,
				2287542E28E20E8B009CF030 /* Assets.xcassets */,
				2287543028E20E8B009CF030 /* LaunchScreen.storyboard */,
				2287543328E20E8B009CF030 /* Info.plist */,
				2287542B28E20E88009CF030 /* MapApp__coredata_.xcdatamodeld */,
			);
			path = "MapApp (coredata)";
			sourceTree = "<group>";
		};
/* End PBXGroup section */

/* Begin PBXNativeTarget section */
		2287541E28E20E88009CF030 /* MapApp (coredata) */ = {
			isa = PBXNativeTarget;
			buildConfigurationList = 2287543628E20E8B009CF030 /* Build configuration list for PBXNativeTarget "MapApp (coredata)" */;
			buildPhases = (
				2287541B28E20E88009CF030 /* Sources */,
				2287541C28E20E88009CF030 /* Frameworks */,
				2287541D28E20E88009CF030 /* Resources */,
			);
			buildRules = (
			);
			dependencies = (
			);
			name = "MapApp (coredata)";
			productName = "MapApp (coredata)";
			productReference = 2287541F28E20E88009CF030 /* MapApp (coredata).app */;
			productType = "com.apple.product-type.application";
		};
/* End PBXNativeTarget section */

/* Begin PBXProject section */
		2287541728E20E88009CF030 /* Project object */ = {
			isa = PBXProject;
			attributes = {
				BuildIndependentTargetsInParallel = 1;
				LastSwiftUpdateCheck = 1400;
				LastUpgradeCheck = 1400;
				TargetAttributes = {
					2287541E28E20E88009CF030 = {
						CreatedOnToolsVersion = 14.0;
					};
				};
			};
			buildConfigurationList = 2287541A28E20E88009CF030 /* Build configuration list for PBXProject "MapApp (coredata)" */;
			compatibilityVersion = "Xcode 14.0";
			developmentRegion = en;
			hasScannedForEncodings = 0;
			knownRegions = (
				en,
				Base,
			);
			mainGroup = 2287541628E20E88009CF030;
			productRefGroup = 2287542028E20E88009CF030 /* Products */;
			projectDirPath = "";
			projectRoot = "";
			targets = (
				2287541E28E20E88009CF030 /* MapApp (coredata) */,
			);
		};
/* End PBXProject section */

/* Begin PBXResourcesBuildPhase section */
		2287541D28E20E88009CF030 /* Resources */ = {
			isa = PBXResourcesBuildPhase;
			buildActionMask = 2147483647;
			files = (
				2287543228E20E8B009CF030 /* LaunchScreen.storyboard in Resources */,
				2287542F28E20E8B009CF030 /* Assets.xcassets in Resources */,
				2287542A28E20E88009CF030 /* Main.storyboard in Resources */,
			);
			runOnlyForDeploymentPostprocessing = 0;
		};
/* End PBXResourcesBuildPhase section */

/* Begin PBXSourcesBuildPhase section */
		2287541B28E20E88009CF030 /* Sources */ = {
			isa = PBXSourcesBuildPhase;
			buildActionMask = 2147483647;
			files = (
				2287542728E20E88009CF030 /* MapsViewController.swift in Sources */,
				2287542D28E20E88009CF030 /* MapApp__coredata_.xcdatamodeld in Sources */,
				2287542328E20E88009CF030 /* AppDelegate.swift in Sources */,
				2213B68428E376A3001D3F71 /* ListViewController.swift in Sources */,
				2287542528E20E88009CF030 /* SceneDelegate.swift in Sources */,
			);
			runOnlyForDeploymentPostprocessing = 0;
		};
/* End PBXSourcesBuildPhase section */

/* Begin PBXVariantGroup section */
		2287542828E20E88009CF030 /* Main.storyboard */ = {
			isa = PBXVariantGroup;
			children = (
				2287542928E20E88009CF030 /* Base */,
			);
			name = Main.storyboard;
			sourceTree = "<group>";
		};
		2287543028E20E8B009CF030 /* LaunchScreen.storyboard */ = {
			isa = PBXVariantGroup;
			children = (
				2287543128E20E8B009CF030 /* Base */,
			);
			name = LaunchScreen.storyboard;
			sourceTree = "<group>";
		};
/* End PBXVariantGroup section */

/* Begin XCBuildConfiguration section */
		2287543428E20E8B009CF030 /* Debug */ = {
			isa = XCBuildConfiguration;
			buildSettings = {
				ALWAYS_SEARCH_USER_PATHS = NO;
				CLANG_ANALYZER_NONNULL = YES;
				CLANG_ANALYZER_NUMBER_OBJECT_CONVERSION = YES_AGGRESSIVE;
				CLANG_CXX_LANGUAGE_STANDARD = "gnu++20";
				CLANG_ENABLE_MODULES = YES;
				CLANG_ENABLE_OBJC_ARC = YES;
				CLANG_ENABLE_OBJC_WEAK = YES;
				CLANG_WARN_BLOCK_CAPTURE_AUTORELEASING = YES;
				CLANG_WARN_BOOL_CONVERSION = YES;
				CLANG_WARN_COMMA = YES;
				CLANG_WARN_CONSTANT_CONVERSION = YES;
				CLANG_WARN_DEPRECATED_OBJC_IMPLEMENTATIONS = YES;
				CLANG_WARN_DIRECT_OBJC_ISA_USAGE = YES_ERROR;
				CLANG_WARN_DOCUMENTATION_COMMENTS = YES;
				CLANG_WARN_EMPTY_BODY = YES;
				CLANG_WARN_ENUM_CONVERSION = YES;
				CLANG_WARN_INFINITE_RECURSION = YES;
				CLANG_WARN_INT_CONVERSION = YES;
				CLANG_WARN_NON_LITERAL_NULL_CONVERSION = YES;
				CLANG_WARN_OBJC_IMPLICIT_RETAIN_SELF = YES;
				CLANG_WARN_OBJC_LITERAL_CONVERSION = YES;
				CLANG_WARN_OBJC_ROOT_CLASS = YES_ERROR;
				CLANG_WARN_QUOTED_INCLUDE_IN_FRAMEWORK_HEADER = YES;
				CLANG_WARN_RANGE_LOOP_ANALYSIS = YES;
				CLANG_WARN_STRICT_PROTOTYPES = YES;
				CLANG_WARN_SUSPICIOUS_MOVE = YES;
				CLANG_WARN_UNGUARDED_AVAILABILITY = YES_AGGRESSIVE;
				CLANG_WARN_UNREACHABLE_CODE = YES;
				CLANG_WARN__DUPLICATE_METHOD_MATCH = YES;
				COPY_PHASE_STRIP = NO;
				DEBUG_INFORMATION_FORMAT = dwarf;
				ENABLE_STRICT_OBJC_MSGSEND = YES;
				ENABLE_TESTABILITY = YES;
				GCC_C_LANGUAGE_STANDARD = gnu11;
				GCC_DYNAMIC_NO_PIC = NO;
				GCC_NO_COMMON_BLOCKS = YES;
				GCC_OPTIMIZATION_LEVEL = 0;
				GCC_PREPROCESSOR_DEFINITIONS = (
					"DEBUG=1",
					"$(inherited)",
				);
				GCC_WARN_64_TO_32_BIT_CONVERSION = YES;
				GCC_WARN_ABOUT_RETURN_TYPE = YES_ERROR;
				GCC_WARN_UNDECLARED_SELECTOR = YES;
				GCC_WARN_UNINITIALIZED_AUTOS = YES_AGGRESSIVE;
				GCC_WARN_UNUSED_FUNCTION = YES;
				GCC_WARN_UNUSED_VARIABLE = YES;
				IPHONEOS_DEPLOYMENT_TARGET = 16.0;
				MTL_ENABLE_DEBUG_INFO = INCLUDE_SOURCE;
				MTL_FAST_MATH = YES;
				ONLY_ACTIVE_ARCH = YES;
				SDKROOT = iphoneos;
				SWIFT_ACTIVE_COMPILATION_CONDITIONS = DEBUG;
				SWIFT_OPTIMIZATION_LEVEL = "-Onone";
			};
			name = Debug;
		};
		2287543528E20E8B009CF030 /* Release */ = {
			isa = XCBuildConfiguration;
			buildSettings = {
				ALWAYS_SEARCH_USER_PATHS = NO;
				CLANG_ANALYZER_NONNULL = YES;
				CLANG_ANALYZER_NUMBER_OBJECT_CONVERSION = YES_AGGRESSIVE;
				CLANG_CXX_LANGUAGE_STANDARD = "gnu++20";
				CLANG_ENABLE_MODULES = YES;
				CLANG_ENABLE_OBJC_ARC = YES;
				CLANG_ENABLE_OBJC_WEAK = YES;
				CLANG_WARN_BLOCK_CAPTURE_AUTORELEASING = YES;
				CLANG_WARN_BOOL_CONVERSION = YES;
				CLANG_WARN_COMMA = YES;
				CLANG_WARN_CONSTANT_CONVERSION = YES;
				CLANG_WARN_DEPRECATED_OBJC_IMPLEMENTATIONS = YES;
				CLANG_WARN_DIRECT_OBJC_ISA_USAGE = YES_ERROR;
				CLANG_WARN_DOCUMENTATION_COMMENTS = YES;
				CLANG_WARN_EMPTY_BODY = YES;
				CLANG_WARN_ENUM_CONVERSION = YES;
				CLANG_WARN_INFINITE_RECURSION = YES;
				CLANG_WARN_INT_CONVERSION = YES;
				CLANG_WARN_NON_LITERAL_NULL_CONVERSION = YES;
				CLANG_WARN_OBJC_IMPLICIT_RETAIN_SELF = YES;
				CLANG_WARN_OBJC_LITERAL_CONVERSION = YES;
				CLANG_WARN_OBJC_ROOT_CLASS = YES_ERROR;
				CLANG_WARN_QUOTED_INCLUDE_IN_FRAMEWORK_HEADER = YES;
				CLANG_WARN_RANGE_LOOP_ANALYSIS = YES;
				CLANG_WARN_STRICT_PROTOTYPES = YES;
				CLANG_WARN_SUSPICIOUS_MOVE = YES;
				CLANG_WARN_UNGUARDED_AVAILABILITY = YES_AGGRESSIVE;
				CLANG_WARN_UNREACHABLE_CODE = YES;
				CLANG_WARN__DUPLICATE_METHOD_MATCH = YES;
				COPY_PHASE_STRIP = NO;
				DEBUG_INFORMATION_FORMAT = "dwarf-with-dsym";
				ENABLE_NS_ASSERTIONS = NO;
				ENABLE_STRICT_OBJC_MSGSEND = YES;
				GCC_C_LANGUAGE_STANDARD = gnu11;
				GCC_NO_COMMON_BLOCKS = YES;
				GCC_WARN_64_TO_32_BIT_CONVERSION = YES;
				GCC_WARN_ABOUT_RETURN_TYPE = YES_ERROR;
				GCC_WARN_UNDECLARED_SELECTOR = YES;
				GCC_WARN_UNINITIALIZED_AUTOS = YES_AGGRESSIVE;
				GCC_WARN_UNUSED_FUNCTION = YES;
				GCC_WARN_UNUSED_VARIABLE = YES;
				IPHONEOS_DEPLOYMENT_TARGET = 16.0;
				MTL_ENABLE_DEBUG_INFO = NO;
				MTL_FAST_MATH = YES;
				SDKROOT = iphoneos;
				SWIFT_COMPILATION_MODE = wholemodule;
				SWIFT_OPTIMIZATION_LEVEL = "-O";
				VALIDATE_PRODUCT = YES;
			};
			name = Release;
		};
		2287543728E20E8B009CF030 /* Debug */ = {
			isa = XCBuildConfiguration;
			buildSettings = {
				ASSETCATALOG_COMPILER_APPICON_NAME = AppIcon;
				ASSETCATALOG_COMPILER_GLOBAL_ACCENT_COLOR_NAME = AccentColor;
				CODE_SIGN_STYLE = Automatic;
				CURRENT_PROJECT_VERSION = 1;
				DEVELOPMENT_TEAM = 6WM773HLAD;
				GENERATE_INFOPLIST_FILE = YES;
				INFOPLIST_FILE = "MapApp (coredata)/Info.plist";
				INFOPLIST_KEY_UIApplicationSupportsIndirectInputEvents = YES;
				INFOPLIST_KEY_UILaunchStoryboardName = LaunchScreen;
				INFOPLIST_KEY_UIMainStoryboardFile = Main;
				INFOPLIST_KEY_UISupportedInterfaceOrientations_iPad = "UIInterfaceOrientationPortrait UIInterfaceOrientationPortraitUpsideDown UIInterfaceOrientationLandscapeLeft UIInterfaceOrientationLandscapeRight";
				INFOPLIST_KEY_UISupportedInterfaceOrientations_iPhone = "UIInterfaceOrientationPortrait UIInterfaceOrientationLandscapeLeft UIInterfaceOrientationLandscapeRight";
				LD_RUNPATH_SEARCH_PATHS = (
					"$(inherited)",
					"@executable_path/Frameworks",
				);
				MARKETING_VERSION = 1.0;
				PRODUCT_BUNDLE_IDENTIFIER = "ferhatadiyeke.MapApp--coredata-";
				PRODUCT_NAME = "$(TARGET_NAME)";
				SWIFT_EMIT_LOC_STRINGS = YES;
				SWIFT_VERSION = 5.0;
				TARGETED_DEVICE_FAMILY = "1,2";
			};
			name = Debug;
		};
		2287543828E20E8B009CF030 /* Release */ = {
			isa = XCBuildConfiguration;
			buildSettings = {
				ASSETCATALOG_COMPILER_APPICON_NAME = AppIcon;
				ASSETCATALOG_COMPILER_GLOBAL_ACCENT_COLOR_NAME = AccentColor;
				CODE_SIGN_STYLE = Automatic;
				CURRENT_PROJECT_VERSION = 1;
				DEVELOPMENT_TEAM = 6WM773HLAD;
				GENERATE_INFOPLIST_FILE = YES;
				INFOPLIST_FILE = "MapApp (coredata)/Info.plist";
				INFOPLIST_KEY_UIApplicationSupportsIndirectInputEvents = YES;
				INFOPLIST_KEY_UILaunchStoryboardName = LaunchScreen;
				INFOPLIST_KEY_UIMainStoryboardFile = Main;
				INFOPLIST_KEY_UISupportedInterfaceOrientations_iPad = "UIInterfaceOrientationPortrait UIInterfaceOrientationPortraitUpsideDown UIInterfaceOrientationLandscapeLeft UIInterfaceOrientationLandscapeRight";
				INFOPLIST_KEY_UISupportedInterfaceOrientations_iPhone = "UIInterfaceOrientationPortrait UIInterfaceOrientationLandscapeLeft UIInterfaceOrientationLandscapeRight";
				LD_RUNPATH_SEARCH_PATHS = (
					"$(inherited)",
					"@executable_path/Frameworks",
				);
				MARKETING_VERSION = 1.0;
				PRODUCT_BUNDLE_IDENTIFIER = "ferhatadiyeke.MapApp--coredata-";
				PRODUCT_NAME = "$(TARGET_NAME)";
				SWIFT_EMIT_LOC_STRINGS = YES;
				SWIFT_VERSION = 5.0;
				TARGETED_DEVICE_FAMILY = "1,2";
			};
			name = Release;
		};
/* End XCBuildConfiguration section */

/* Begin XCConfigurationList section */
		2287541A28E20E88009CF030 /* Build configuration list for PBXProject "MapApp (coredata)" */ = {
			isa = XCConfigurationList;
			buildConfigurations = (
				2287543428E20E8B009CF030 /* Debug */,
				2287543528E20E8B009CF030 /* Release */,
			);
			defaultConfigurationIsVisible = 0;
			defaultConfigurationName = Release;
		};
		2287543628E20E8B009CF030 /* Build configuration list for PBXNativeTarget "MapApp (coredata)" */ = {
			isa = XCConfigurationList;
			buildConfigurations = (
				2287543728E20E8B009CF030 /* Debug */,
				2287543828E20E8B009CF030 /* Release */,
			);
			defaultConfigurationIsVisible = 0;
			defaultConfigurationName = Release;
		};
/* End XCConfigurationList section */

/* Begin XCVersionGroup section */
		2287542B28E20E88009CF030 /* MapApp__coredata_.xcdatamodeld */ = {
			isa = XCVersionGroup;
			children = (
				2287542C28E20E88009CF030 /* MapApp__coredata_.xcdatamodel */,
			);
			currentVersion = 2287542C28E20E88009CF030 /* MapApp__coredata_.xcdatamodel */;
			path = MapApp__coredata_.xcdatamodeld;
			sourceTree = "<group>";
			versionGroupType = wrapper.xcdatamodel;
		};
/* End XCVersionGroup section */
	};
	rootObject = 2287541728E20E88009CF030 /* Project object */;
}
